
Microsoft Visual Studio Solution File, Format Version 12.00
# Visual Studio Version 16
VisualStudioVersion = 25.0.1704.5
MinimumVisualStudioVersion = 10.0.40219.1
Project("{FAE04EC0-301F-11D3-BF4B-00C04F79EFBC}") = "MyProject", "MyProject.csproj", "{C0E2E0CC-594D-4467-BA4D-EF0224D8F19D}"
EndProject
Global
	GlobalSection(SolutionConfigurationPlatforms) = preSolution
		Debug|Any CPU = Debug|Any CPU
		Release|Any CPU = Release|Any CPU
	EndGlobalSection
	GlobalSection(ProjectConfigurationPlatforms) = postSolution
		{C0E2E0CC-594D-4467-BA4D-EF0224D8F19D}.Debug|Any CPU.ActiveCfg = Debug|Any CPU
		{C0E2E0CC-594D-4467-BA4D-EF0224D8F19D}.Debug|Any CPU.Build.0 = Debug|Any CPU
		{C0E2E0CC-594D-4467-BA4D-EF0224D8F19D}.Release|Any CPU.ActiveCfg = Release|Any CPU
		{C0E2E0CC-594D-4467-BA4D-EF0224D8F19D}.Release|Any CPU.Build.0 = Release|Any CPU
	EndGlobalSection
	GlobalSection(SolutionProperties) = preSolution
		HideSolutionNode = FALSE
	EndGlobalSection
	GlobalSection(ExtensibilityGlobals) = postSolution
		SolutionGuid = {D14AC8C0-D133-4414-BB66-639AE9FB0540}
	EndGlobalSection
EndGlobal
